{
  "name": "user",
  "lockfileVersion": 3,
  "requires": true,
  "packages": {
    "": {
      "dependencies": {
        "@dqbd/tiktoken": "^1.0.18"
      }
    },
    "node_modules/@dqbd/tiktoken": {
      "version": "1.0.18",
      "resolved": "https://registry.npmjs.org/@dqbd/tiktoken/-/tiktoken-1.0.18.tgz",
      "integrity": "sha512-18xwsIO9UStlCCrumyjmJ8r2bM0EeLS6KqlnyZA718qsQxWCH0WR7iK/njszFPhhY14dnqLMMmRPvJ1ZhVTN6A==",
      "license": "MIT"
    }
  }
}
